
Microsoft Visual Studio Solution File, Format Version 12.00
# Visual Studio Version 17
VisualStudioVersion = 17.0.32014.148
MinimumVisualStudioVersion = 10.0.40219.1
Project("{FAE04EC0-301F-11D3-BF4B-00C04F79EFBC}") = "Week6AndOrlogicalOperation", "Week6AndOrlogicalOperation\Week6AndOrlogicalOperation.csproj", "{3C3DD3FA-1D33-43CF-AFA3-FEE236703892}"
EndProject
Project("{FAE04EC0-301F-11D3-BF4B-00C04F79EFBC}") = "AndOperatorWithRanges", "AndOperatorWithRanges\AndOperatorWithRanges.csproj", "{961540C1-5202-48B2-9040-4CEC23C3BA26}"
EndProject
Global
	GlobalSection(SolutionConfigurationPlatforms) = preSolution
		Debug|Any CPU = Debug|Any CPU
		Release|Any CPU = Release|Any CPU
	EndGlobalSection
	GlobalSection(ProjectConfigurationPlatforms) = postSolution
		{3C3DD3FA-1D33-43CF-AFA3-FEE236703892}.Debug|Any CPU.ActiveCfg = Debug|Any CPU
		{3C3DD3FA-1D33-43CF-AFA3-FEE236703892}.Debug|Any CPU.Build.0 = Debug|Any CPU
		{3C3DD3FA-1D33-43CF-AFA3-FEE236703892}.Release|Any CPU.ActiveCfg = Release|Any CPU
		{3C3DD3FA-1D33-43CF-AFA3-FEE236703892}.Release|Any CPU.Build.0 = Release|Any CPU
		{961540C1-5202-48B2-9040-4CEC23C3BA26}.Debug|Any CPU.ActiveCfg = Debug|Any CPU
		{961540C1-5202-48B2-9040-4CEC23C3BA26}.Debug|Any CPU.Build.0 = Debug|Any CPU
		{961540C1-5202-48B2-9040-4CEC23C3BA26}.Release|Any CPU.ActiveCfg = Release|Any CPU
		{961540C1-5202-48B2-9040-4CEC23C3BA26}.Release|Any CPU.Build.0 = Release|Any CPU
	EndGlobalSection
	GlobalSection(SolutionProperties) = preSolution
		HideSolutionNode = FALSE
	EndGlobalSection
	GlobalSection(ExtensibilityGlobals) = postSolution
		SolutionGuid = {8240F851-3C04-4A68-8EEC-8D9EF724360C}
	EndGlobalSection
EndGlobal
